
Microsoft Visual Studio Solution File, Format Version 12.00
# Visual Studio Version 17
VisualStudioVersion = 17.10.35013.160
MinimumVisualStudioVersion = 10.0.40219.1
Project("{FAE04EC0-301F-11D3-BF4B-00C04F79EFBC}") = "BasketApp", "BasketApp.csproj", "{A133EBAD-874E-48A1-B29C-9D5FF26B18CB}"
EndProject
Global
	GlobalSection(SolutionConfigurationPlatforms) = preSolution
		Debug|Any CPU = Debug|Any CPU
		Release|Any CPU = Release|Any CPU
	EndGlobalSection
	GlobalSection(ProjectConfigurationPlatforms) = postSolution
		{A133EBAD-874E-48A1-B29C-9D5FF26B18CB}.Debug|Any CPU.ActiveCfg = Debug|Any CPU
		{A133EBAD-874E-48A1-B29C-9D5FF26B18CB}.Debug|Any CPU.Build.0 = Debug|Any CPU
		{A133EBAD-874E-48A1-B29C-9D5FF26B18CB}.Release|Any CPU.ActiveCfg = Release|Any CPU
		{A133EBAD-874E-48A1-B29C-9D5FF26B18CB}.Release|Any CPU.Build.0 = Release|Any CPU
	EndGlobalSection
	GlobalSection(SolutionProperties) = preSolution
		HideSolutionNode = FALSE
	EndGlobalSection
	GlobalSection(ExtensibilityGlobals) = postSolution
		SolutionGuid = {1E85BF9C-623F-483C-B33F-336A1E69582C}
	EndGlobalSection
EndGlobal
